# THIS IS AN AUTOGENERATED FILE. DO NOT EDIT THIS FILE DIRECTLY.
# yarn lockfile v1


connect-redis@^3.3.0:
  version "3.3.0"
  resolved "https://registry.yarnpkg.com/connect-redis/-/connect-redis-3.3.0.tgz#c9510c1a567ff710eb2510e6a7509fa92b2232df"
  dependencies:
    debug "^2.2.0"
    redis "^2.1.0"

cookie-signature@1.0.6:
  version "1.0.6"
  resolved "https://registry.yarnpkg.com/cookie-signature/-/cookie-signature-1.0.6.tgz#e303a882b342cc3ee8ca513a79999734dab3ae2c"

cookie@0.3.1:
  version "0.3.1"
  resolved "https://registry.yarnpkg.com/cookie/-/cookie-0.3.1.tgz#e7e0a1f9ef43b4c8ba925c5c5a96e806d16873bb"

crc@3.4.4:
  version "3.4.4"
  resolved "https://registry.yarnpkg.com/crc/-/crc-3.4.4.tgz#9da1e980e3bd44fc5c93bf5ab3da3378d85e466b"

debug@2.6.7, debug@^2.2.0:
  version "2.6.7"
  resolved "https://registry.yarnpkg.com/debug/-/debug-2.6.7.tgz#92bad1f6d05bbb6bba22cca88bcd0ec894c2861e"
  dependencies:
    ms "2.0.0"

depd@~1.1.0:
  version "1.1.0"
  resolved "https://registry.yarnpkg.com/depd/-/depd-1.1.0.tgz#e1bd82c6aab6ced965b97b88b17ed3e528ca18c3"

double-ended-queue@^2.1.0-0:
  version "2.1.0-0"
  resolved "https://registry.yarnpkg.com/double-ended-queue/-/double-ended-queue-2.1.0-0.tgz#103d3527fd31528f40188130c841efdd78264e5c"

express-session@^1.15.3:
  version "1.15.3"
  resolved "https://registry.yarnpkg.com/express-session/-/express-session-1.15.3.tgz#db545f0435a7b1b228ae02da8197f65141735c67"
  dependencies:
    cookie "0.3.1"
    cookie-signature "1.0.6"
    crc "3.4.4"
    debug "2.6.7"
    depd "~1.1.0"
    on-headers "~1.0.1"
    parseurl "~1.3.1"
    uid-safe "~2.1.4"
    utils-merge "1.0.0"

ms@2.0.0:
  version "2.0.0"
  resolved "https://registry.yarnpkg.com/ms/-/ms-2.0.0.tgz#5608aeadfc00be6c2901df5f9861788de0d597c8"

oauth@0.9.x:
  version "0.9.15"
  resolved "https://registry.yarnpkg.com/oauth/-/oauth-0.9.15.tgz#bd1fefaf686c96b75475aed5196412ff60cfb9c1"

on-headers@~1.0.1:
  version "1.0.1"
  resolved "https://registry.yarnpkg.com/on-headers/-/on-headers-1.0.1.tgz#928f5d0f470d49342651ea6794b0857c100693f7"

parseurl@~1.3.1:
  version "1.3.1"
  resolved "https://registry.yarnpkg.com/parseurl/-/parseurl-1.3.1.tgz#c8ab8c9223ba34888aa64a297b28853bec18da56"

passport-google-oauth1@1.x.x:
  version "1.0.0"
  resolved "https://registry.yarnpkg.com/passport-google-oauth1/-/passport-google-oauth1-1.0.0.tgz#af74a803df51ec646f66a44d82282be6f108e0cc"
  dependencies:
    passport-oauth1 "1.x.x"

passport-google-oauth20@1.x.x:
  version "1.0.0"
  resolved "https://registry.yarnpkg.com/passport-google-oauth20/-/passport-google-oauth20-1.0.0.tgz#3b960e8a1d70d1dbe794615c827c68c40392a5d0"
  dependencies:
    passport-oauth2 "1.x.x"

passport-google-oauth@^1.0.0:
  version "1.0.0"
  resolved "https://registry.yarnpkg.com/passport-google-oauth/-/passport-google-oauth-1.0.0.tgz#65f50633192ad0627a18b08960077109d84eb76d"
  dependencies:
    passport-google-oauth1 "1.x.x"
    passport-google-oauth20 "1.x.x"

passport-oauth1@1.x.x:
  version "1.1.0"
  resolved "https://registry.yarnpkg.com/passport-oauth1/-/passport-oauth1-1.1.0.tgz#a7de988a211f9cf4687377130ea74df32730c918"
  dependencies:
    oauth "0.9.x"
    passport-strategy "1.x.x"
    utils-merge "1.x.x"

passport-oauth2@1.x.x:
  version "1.4.0"
  resolved "https://registry.yarnpkg.com/passport-oauth2/-/passport-oauth2-1.4.0.tgz#f62f81583cbe12609be7ce6f160b9395a27b86ad"
  dependencies:
    oauth "0.9.x"
    passport-strategy "1.x.x"
    uid2 "0.0.x"
    utils-merge "1.x.x"

passport-strategy@1.x.x:
  version "1.0.0"
  resolved "https://registry.yarnpkg.com/passport-strategy/-/passport-strategy-1.0.0.tgz#b5539aa8fc225a3d1ad179476ddf236b440f52e4"

passport@^0.3.2:
  version "0.3.2"
  resolved "https://registry.yarnpkg.com/passport/-/passport-0.3.2.tgz#9dd009f915e8fe095b0124a01b8f82da07510102"
  dependencies:
    passport-strategy "1.x.x"
    pause "0.0.1"

pause@0.0.1:
  version "0.0.1"
  resolved "https://registry.yarnpkg.com/pause/-/pause-0.0.1.tgz#1d408b3fdb76923b9543d96fb4c9dfd535d9cb5d"

random-bytes@~1.0.0:
  version "1.0.0"
  resolved "https://registry.yarnpkg.com/random-bytes/-/random-bytes-1.0.0.tgz#4f68a1dc0ae58bd3fb95848c30324db75d64360b"

redis-commands@^1.2.0:
  version "1.3.1"
  resolved "https://registry.yarnpkg.com/redis-commands/-/redis-commands-1.3.1.tgz#81d826f45fa9c8b2011f4cd7a0fe597d241d442b"

redis-parser@^2.5.0:
  version "2.6.0"
  resolved "https://registry.yarnpkg.com/redis-parser/-/redis-parser-2.6.0.tgz#52ed09dacac108f1a631c07e9b69941e7a19504b"

redis@^2.1.0, redis@^2.7.1:
  version "2.7.1"
  resolved "https://registry.yarnpkg.com/redis/-/redis-2.7.1.tgz#7d56f7875b98b20410b71539f1d878ed58ebf46a"
  dependencies:
    double-ended-queue "^2.1.0-0"
    redis-commands "^1.2.0"
    redis-parser "^2.5.0"

uid-safe@~2.1.4:
  version "2.1.4"
  resolved "https://registry.yarnpkg.com/uid-safe/-/uid-safe-2.1.4.tgz#3ad6f38368c6d4c8c75ec17623fb79aa1d071d81"
  dependencies:
    random-bytes "~1.0.0"

uid2@0.0.x:
  version "0.0.3"
  resolved "https://registry.yarnpkg.com/uid2/-/uid2-0.0.3.tgz#483126e11774df2f71b8b639dcd799c376162b82"

utils-merge@1.0.0, utils-merge@1.x.x:
  version "1.0.0"
  resolved "https://registry.yarnpkg.com/utils-merge/-/utils-merge-1.0.0.tgz#0294fb922bb9375153541c4f7096231f287c8af8"
